
Microsoft Visual Studio Solution File, Format Version 12.00
# Visual Studio Version 17
VisualStudioVersion = 17.4.33213.308
MinimumVisualStudioVersion = 10.0.40219.1
Project("{9A19103F-16F7-4668-BE54-9A1E7A4F7556}") = "ADHDPlanner-Backend", "ADHDPlanner-Backend\ADHDPlanner-Backend.csproj", "{4A6A8D10-203C-4B0C-9A11-3A7C25CC4D0C}"
EndProject
Project("{FAE04EC0-301F-11D3-BF4B-00C04F79EFBC}") = "DataLayer", "DataLayer\DataLayer.csproj", "{56A99131-7BAD-4D91-8E76-403523152808}"
EndProject
Global
	GlobalSection(SolutionConfigurationPlatforms) = preSolution
		Debug|Any CPU = Debug|Any CPU
		Release|Any CPU = Release|Any CPU
	EndGlobalSection
	GlobalSection(ProjectConfigurationPlatforms) = postSolution
		{4A6A8D10-203C-4B0C-9A11-3A7C25CC4D0C}.Debug|Any CPU.ActiveCfg = Debug|Any CPU
		{4A6A8D10-203C-4B0C-9A11-3A7C25CC4D0C}.Debug|Any CPU.Build.0 = Debug|Any CPU
		{4A6A8D10-203C-4B0C-9A11-3A7C25CC4D0C}.Release|Any CPU.ActiveCfg = Release|Any CPU
		{4A6A8D10-203C-4B0C-9A11-3A7C25CC4D0C}.Release|Any CPU.Build.0 = Release|Any CPU
		{56A99131-7BAD-4D91-8E76-403523152808}.Debug|Any CPU.ActiveCfg = Debug|Any CPU
		{56A99131-7BAD-4D91-8E76-403523152808}.Debug|Any CPU.Build.0 = Debug|Any CPU
		{56A99131-7BAD-4D91-8E76-403523152808}.Release|Any CPU.ActiveCfg = Release|Any CPU
		{56A99131-7BAD-4D91-8E76-403523152808}.Release|Any CPU.Build.0 = Release|Any CPU
	EndGlobalSection
	GlobalSection(SolutionProperties) = preSolution
		HideSolutionNode = FALSE
	EndGlobalSection
	GlobalSection(ExtensibilityGlobals) = postSolution
		SolutionGuid = {6C25EA07-D9FF-4D67-8525-1FD7E122EDB9}
	EndGlobalSection
EndGlobal
